
Microsoft Visual Studio Solution File, Format Version 12.00
# Visual Studio Version 17
VisualStudioVersion = 17.9.34701.34
MinimumVisualStudioVersion = 10.0.40219.1
Project("{FAE04EC0-301F-11D3-BF4B-00C04F79EFBC}") = "BankingApplication", "BankingApplication\BankingApplication.csproj", "{BCAF16E5-47F9-41E9-8D33-35E9774DF1FF}"
EndProject
Global
	GlobalSection(SolutionConfigurationPlatforms) = preSolution
		Debug|Any CPU = Debug|Any CPU
		Release|Any CPU = Release|Any CPU
	EndGlobalSection
	GlobalSection(ProjectConfigurationPlatforms) = postSolution
		{BCAF16E5-47F9-41E9-8D33-35E9774DF1FF}.Debug|Any CPU.ActiveCfg = Debug|Any CPU
		{BCAF16E5-47F9-41E9-8D33-35E9774DF1FF}.Debug|Any CPU.Build.0 = Debug|Any CPU
		{BCAF16E5-47F9-41E9-8D33-35E9774DF1FF}.Release|Any CPU.ActiveCfg = Release|Any CPU
		{BCAF16E5-47F9-41E9-8D33-35E9774DF1FF}.Release|Any CPU.Build.0 = Release|Any CPU
	EndGlobalSection
	GlobalSection(SolutionProperties) = preSolution
		HideSolutionNode = FALSE
	EndGlobalSection
	GlobalSection(ExtensibilityGlobals) = postSolution
		SolutionGuid = {A25990A6-B865-42E3-9E84-126D9F4494C8}
	EndGlobalSection
EndGlobal
